
Microsoft Visual Studio Solution File, Format Version 12.00
# Visual Studio 15
VisualStudioVersion = 15.0.27703.2047
MinimumVisualStudioVersion = 10.0.40219.1
Project("{FAE04EC0-301F-11D3-BF4B-00C04F79EFBC}") = "WeatherChecker", "WeatherChecker\WeatherChecker.csproj", "{09D37DFD-9F29-4A3C-B268-D2A68E915B24}"
EndProject
Global
	GlobalSection(SolutionConfigurationPlatforms) = preSolution
		Debug|Any CPU = Debug|Any CPU
		Release|Any CPU = Release|Any CPU
	EndGlobalSection
	GlobalSection(ProjectConfigurationPlatforms) = postSolution
		{09D37DFD-9F29-4A3C-B268-D2A68E915B24}.Debug|Any CPU.ActiveCfg = Debug|Any CPU
		{09D37DFD-9F29-4A3C-B268-D2A68E915B24}.Debug|Any CPU.Build.0 = Debug|Any CPU
		{09D37DFD-9F29-4A3C-B268-D2A68E915B24}.Release|Any CPU.ActiveCfg = Release|Any CPU
		{09D37DFD-9F29-4A3C-B268-D2A68E915B24}.Release|Any CPU.Build.0 = Release|Any CPU
	EndGlobalSection
	GlobalSection(SolutionProperties) = preSolution
		HideSolutionNode = FALSE
	EndGlobalSection
	GlobalSection(ExtensibilityGlobals) = postSolution
		SolutionGuid = {56CE930E-5579-4ECA-B645-1FC617878870}
	EndGlobalSection
EndGlobal
